
Microsoft Visual Studio Solution File, Format Version 12.00
# Visual Studio 15
VisualStudioVersion = 15.0.26124.0
MinimumVisualStudioVersion = 15.0.26124.0
Project("{2150E333-8FDC-42A3-9474-1A3956D46DE8}") = "src", "src", "{38FF8B00-BC66-49B6-8AC8-5757F5E2D988}"
EndProject
Project("{FAE04EC0-301F-11D3-BF4B-00C04F79EFBC}") = "Labs.Mvc", "src\Labs.Mvc\Labs.Mvc.csproj", "{675465FB-8695-4E8D-B3D5-A792B2C4DEA4}"
EndProject
Global
	GlobalSection(SolutionConfigurationPlatforms) = preSolution
		Debug|Any CPU = Debug|Any CPU
		Debug|x64 = Debug|x64
		Debug|x86 = Debug|x86
		Release|Any CPU = Release|Any CPU
		Release|x64 = Release|x64
		Release|x86 = Release|x86
	EndGlobalSection
	GlobalSection(SolutionProperties) = preSolution
		HideSolutionNode = FALSE
	EndGlobalSection
	GlobalSection(ProjectConfigurationPlatforms) = postSolution
		{675465FB-8695-4E8D-B3D5-A792B2C4DEA4}.Debug|Any CPU.ActiveCfg = Debug|Any CPU
		{675465FB-8695-4E8D-B3D5-A792B2C4DEA4}.Debug|Any CPU.Build.0 = Debug|Any CPU
		{675465FB-8695-4E8D-B3D5-A792B2C4DEA4}.Debug|x64.ActiveCfg = Debug|Any CPU
		{675465FB-8695-4E8D-B3D5-A792B2C4DEA4}.Debug|x64.Build.0 = Debug|Any CPU
		{675465FB-8695-4E8D-B3D5-A792B2C4DEA4}.Debug|x86.ActiveCfg = Debug|Any CPU
		{675465FB-8695-4E8D-B3D5-A792B2C4DEA4}.Debug|x86.Build.0 = Debug|Any CPU
		{675465FB-8695-4E8D-B3D5-A792B2C4DEA4}.Release|Any CPU.ActiveCfg = Release|Any CPU
		{675465FB-8695-4E8D-B3D5-A792B2C4DEA4}.Release|Any CPU.Build.0 = Release|Any CPU
		{675465FB-8695-4E8D-B3D5-A792B2C4DEA4}.Release|x64.ActiveCfg = Release|Any CPU
		{675465FB-8695-4E8D-B3D5-A792B2C4DEA4}.Release|x64.Build.0 = Release|Any CPU
		{675465FB-8695-4E8D-B3D5-A792B2C4DEA4}.Release|x86.ActiveCfg = Release|Any CPU
		{675465FB-8695-4E8D-B3D5-A792B2C4DEA4}.Release|x86.Build.0 = Release|Any CPU
	EndGlobalSection
	GlobalSection(NestedProjects) = preSolution
		{675465FB-8695-4E8D-B3D5-A792B2C4DEA4} = {38FF8B00-BC66-49B6-8AC8-5757F5E2D988}
	EndGlobalSection
EndGlobal
